
Microsoft Visual Studio Solution File, Format Version 12.00
# Visual Studio Version 17
VisualStudioVersion = 17.13.35825.156 d17.13
MinimumVisualStudioVersion = 10.0.40219.1
Project("{FAE04EC0-301F-11D3-BF4B-00C04F79EFBC}") = "SignalRDev", "SignalRDev.csproj", "{CD5584A6-091B-4E76-AF59-A6AF447489E2}"
EndProject
Global
	GlobalSection(SolutionConfigurationPlatforms) = preSolution
		Debug|Any CPU = Debug|Any CPU
		Release|Any CPU = Release|Any CPU
	EndGlobalSection
	GlobalSection(ProjectConfigurationPlatforms) = postSolution
		{CD5584A6-091B-4E76-AF59-A6AF447489E2}.Debug|Any CPU.ActiveCfg = Debug|Any CPU
		{CD5584A6-091B-4E76-AF59-A6AF447489E2}.Debug|Any CPU.Build.0 = Debug|Any CPU
		{CD5584A6-091B-4E76-AF59-A6AF447489E2}.Release|Any CPU.ActiveCfg = Release|Any CPU
		{CD5584A6-091B-4E76-AF59-A6AF447489E2}.Release|Any CPU.Build.0 = Release|Any CPU
	EndGlobalSection
	GlobalSection(SolutionProperties) = preSolution
		HideSolutionNode = FALSE
	EndGlobalSection
	GlobalSection(ExtensibilityGlobals) = postSolution
		SolutionGuid = {B456CEA6-AE73-4C3C-ABF6-5104A8834352}
	EndGlobalSection
EndGlobal
